// !$*UTF8*$!
{
	archiveVersion = 1;
	classes = {
	};
	objectVersion = 56;
	objects = {

/* Begin PBXBuildFile section */
		94112E3728D0B18B00F04305 /* AppDelegate.swift in Sources */ = {isa = PBXBuildFile; fileRef = 94112E3628D0B18B00F04305 /* AppDelegate.swift */; };
		94112E3928D0B18B00F04305 /* SceneDelegate.swift in Sources */ = {isa = PBXBuildFile; fileRef = 94112E3828D0B18B00F04305 /* SceneDelegate.swift */; };
		94112E3B28D0B18B00F04305 /* ViewController.swift in Sources */ = {isa = PBXBuildFile; fileRef = 94112E3A28D0B18B00F04305 /* ViewController.swift */; };
		94112E3E28D0B18B00F04305 /* Main.storyboard in Resources */ = {isa = PBXBuildFile; fileRef = 94112E3C28D0B18B00F04305 /* Main.storyboard */; };
		94112E4028D0B18C00F04305 /* Assets.xcassets in Resources */ = {isa = PBXBuildFile; fileRef = 94112E3F28D0B18C00F04305 /* Assets.xcassets */; };
		94112E4328D0B18C00F04305 /* LaunchScreen.storyboard in Resources */ = {isa = PBXBuildFile; fileRef = 94112E4128D0B18C00F04305 /* LaunchScreen.storyboard */; };
		94112E4E28D0B18C00F04305 /* CodeChallengeTests.swift in Sources */ = {isa = PBXBuildFile; fileRef = 94112E4D28D0B18C00F04305 /* CodeChallengeTests.swift */; };
		94112E5828D0B18C00F04305 /* CodeChallengeUITests.swift in Sources */ = {isa = PBXBuildFile; fileRef = 94112E5728D0B18C00F04305 /* CodeChallengeUITests.swift */; };
		94112E5A28D0B18C00F04305 /* CodeChallengeUITestsLaunchTests.swift in Sources */ = {isa = PBXBuildFile; fileRef = 94112E5928D0B18C00F04305 /* CodeChallengeUITestsLaunchTests.swift */; };
/* End PBXBuildFile section */

/* Begin PBXContainerItemProxy section */
		94112E4A28D0B18C00F04305 /* PBXContainerItemProxy */ = {
			isa = PBXContainerItemProxy;
			containerPortal = 94112E2B28D0B18B00F04305 /* Project object */;
			proxyType = 1;
			remoteGlobalIDString = 94112E3228D0B18B00F04305;
			remoteInfo = CodeChallenge;
		};
		94112E5428D0B18C00F04305 /* PBXContainerItemProxy */ = {
			isa = PBXContainerItemProxy;
			containerPortal = 94112E2B28D0B18B00F04305 /* Project object */;
			proxyType = 1;
			remoteGlobalIDString = 94112E3228D0B18B00F04305;
			remoteInfo = CodeChallenge;
		};
/* End PBXContainerItemProxy section */

/* Begin PBXFileReference section */
		94112E3328D0B18B00F04305 /* CodeChallenge.app */ = {isa = PBXFileReference; explicitFileType = wrapper.application; includeInIndex = 0; path = CodeChallenge.app; sourceTree = BUILT_PRODUCTS_DIR; };
		94112E3628D0B18B00F04305 /* AppDelegate.swift */ = {isa = PBXFileReference; lastKnownFileType = sourcecode.swift; path = AppDelegate.swift; sourceTree = "<group>"; };
		94112E3828D0B18B00F04305 /* SceneDelegate.swift */ = {isa = PBXFileReference; lastKnownFileType = sourcecode.swift; path = SceneDelegate.swift; sourceTree = "<group>"; };
		94112E3A28D0B18B00F04305 /* ViewController.swift */ = {isa = PBXFileReference; lastKnownFileType = sourcecode.swift; path = ViewController.swift; sourceTree = "<group>"; };
		94112E3D28D0B18B00F04305 /* Base */ = {isa = PBXFileReference; lastKnownFileType = file.storyboard; name = Base; path = Base.lproj/Main.storyboard; sourceTree = "<group>"; };
		94112E3F28D0B18C00F04305 /* Assets.xcassets */ = {isa = PBXFileReference; lastKnownFileType = folder.assetcatalog; path = Assets.xcassets; sourceTree = "<group>"; };
		94112E4228D0B18C00F04305 /* Base */ = {isa = PBXFileReference; lastKnownFileType = file.storyboard; name = Base; path = Base.lproj/LaunchScreen.storyboard; sourceTree = "<group>"; };
		94112E4428D0B18C00F04305 /* Info.plist */ = {isa = PBXFileReference; lastKnownFileType = text.plist.xml; path = Info.plist; sourceTree = "<group>"; };
		94112E4928D0B18C00F04305 /* CodeChallengeTests.xctest */ = {isa = PBXFileReference; explicitFileType = wrapper.cfbundle; includeInIndex = 0; path = CodeChallengeTests.xctest; sourceTree = BUILT_PRODUCTS_DIR; };
		94112E4D28D0B18C00F04305 /* CodeChallengeTests.swift */ = {isa = PBXFileReference; lastKnownFileType = sourcecode.swift; path = CodeChallengeTests.swift; sourceTree = "<group>"; };
		94112E5328D0B18C00F04305 /* CodeChallengeUITests.xctest */ = {isa = PBXFileReference; explicitFileType = wrapper.cfbundle; includeInIndex = 0; path = CodeChallengeUITests.xctest; sourceTree = BUILT_PRODUCTS_DIR; };
		94112E5728D0B18C00F04305 /* CodeChallengeUITests.swift */ = {isa = PBXFileReference; lastKnownFileType = sourcecode.swift; path = CodeChallengeUITests.swift; sourceTree = "<group>"; };
		94112E5928D0B18C00F04305 /* CodeChallengeUITestsLaunchTests.swift */ = {isa = PBXFileReference; lastKnownFileType = sourcecode.swift; path = CodeChallengeUITestsLaunchTests.swift; sourceTree = "<group>"; };
/* End PBXFileReference section */

/* Begin PBXFrameworksBuildPhase section */
		94112E3028D0B18B00F04305 /* Frameworks */ = {
			isa = PBXFrameworksBuildPhase;
			buildActionMask = 2147483647;
			files = (
			);
			runOnlyForDeploymentPostprocessing = 0;
		};
		94112E4628D0B18C00F04305 /* Frameworks */ = {
			isa = PBXFrameworksBuildPhase;
			buildActionMask = 2147483647;
			files = (
			);
			runOnlyForDeploymentPostprocessing = 0;
		};
		94112E5028D0B18C00F04305 /* Frameworks */ = {
			isa = PBXFrameworksBuildPhase;
			buildActionMask = 2147483647;
			files = (
			);
			runOnlyForDeploymentPostprocessing = 0;
		};
/* End PBXFrameworksBuildPhase section */

/* Begin PBXGroup section */
		94112E2A28D0B18B00F04305 = {
			isa = PBXGroup;
			children = (
				94112E3528D0B18B00F04305 /* CodeChallenge */,
				94112E4C28D0B18C00F04305 /* CodeChallengeTests */,
				94112E5628D0B18C00F04305 /* CodeChallengeUITests */,
				94112E3428D0B18B00F04305 /* Products */,
			);
			sourceTree = "<group>";
		};
		94112E3428D0B18B00F04305 /* Products */ = {
			isa = PBXGroup;
			children = (
				94112E3328D0B18B00F04305 /* CodeChallenge.app */,
				94112E4928D0B18C00F04305 /* CodeChallengeTests.xctest */,
				94112E5328D0B18C00F04305 /* CodeChallengeUITests.xctest */,
			);
			name = Products;
			sourceTree = "<group>";
		};
		94112E3528D0B18B00F04305 /* CodeChallenge */ = {
			isa = PBXGroup;
			children = (
				94112E3628D0B18B00F04305 /* AppDelegate.swift */,
				94112E3828D0B18B00F04305 /* SceneDelegate.swift */,
				94112E3A28D0B18B00F04305 /* ViewController.swift */,
				94112E3C28D0B18B00F04305 /* Main.storyboard */,
				94112E3F28D0B18C00F04305 /* Assets.xcassets */,
				94112E4128D0B18C00F04305 /* LaunchScreen.storyboard */,
				94112E4428D0B18C00F04305 /* Info.plist */,
			);
			path = CodeChallenge;
			sourceTree = "<group>";
		};
		94112E4C28D0B18C00F04305 /* CodeChallengeTests */ = {
			isa = PBXGroup;
			children = (
				94112E4D28D0B18C00F04305 /* CodeChallengeTests.swift */,
			);
			path = CodeChallengeTests;
			sourceTree = "<group>";
		};
		94112E5628D0B18C00F04305 /* CodeChallengeUITests */ = {
			isa = PBXGroup;
			children = (
				94112E5728D0B18C00F04305 /* CodeChallengeUITests.swift */,
				94112E5928D0B18C00F04305 /* CodeChallengeUITestsLaunchTests.swift */,
			);
			path = CodeChallengeUITests;
			sourceTree = "<group>";
		};
/* End PBXGroup section */

/* Begin PBXNativeTarget section */
		94112E3228D0B18B00F04305 /* CodeChallenge */ = {
			isa = PBXNativeTarget;
			buildConfigurationList = 94112E5D28D0B18C00F04305 /* Build configuration list for PBXNativeTarget "CodeChallenge" */;
			buildPhases = (
				94112E2F28D0B18B00F04305 /* Sources */,
				94112E3028D0B18B00F04305 /* Frameworks */,
				94112E3128D0B18B00F04305 /* Resources */,
			);
			buildRules = (
			);
			dependencies = (
			);
			name = CodeChallenge;
			productName = CodeChallenge;
			productReference = 94112E3328D0B18B00F04305 /* CodeChallenge.app */;
			productType = "com.apple.product-type.application";
		};
		94112E4828D0B18C00F04305 /* CodeChallengeTests */ = {
			isa = PBXNativeTarget;
			buildConfigurationList = 94112E6028D0B18C00F04305 /* Build configuration list for PBXNativeTarget "CodeChallengeTests" */;
			buildPhases = (
				94112E4528D0B18C00F04305 /* Sources */,
				94112E4628D0B18C00F04305 /* Frameworks */,
				94112E4728D0B18C00F04305 /* Resources */,
			);
			buildRules = (
			);
			dependencies = (
				94112E4B28D0B18C00F04305 /* PBXTargetDependency */,
			);
			name = CodeChallengeTests;
			productName = CodeChallengeTests;
			productReference = 94112E4928D0B18C00F04305 /* CodeChallengeTests.xctest */;
			productType = "com.apple.product-type.bundle.unit-test";
		};
		94112E5228D0B18C00F04305 /* CodeChallengeUITests */ = {
			isa = PBXNativeTarget;
			buildConfigurationList = 94112E6328D0B18C00F04305 /* Build configuration list for PBXNativeTarget "CodeChallengeUITests" */;
			buildPhases = (
				94112E4F28D0B18C00F04305 /* Sources */,
				94112E5028D0B18C00F04305 /* Frameworks */,
				94112E5128D0B18C00F04305 /* Resources */,
			);
			buildRules = (
			);
			dependencies = (
				94112E5528D0B18C00F04305 /* PBXTargetDependency */,
			);
			name = CodeChallengeUITests;
			productName = CodeChallengeUITests;
			productReference = 94112E5328D0B18C00F04305 /* CodeChallengeUITests.xctest */;
			productType = "com.apple.product-type.bundle.ui-testing";
		};
/* End PBXNativeTarget section */

/* Begin PBXProject section */
		94112E2B28D0B18B00F04305 /* Project object */ = {
			isa = PBXProject;
			attributes = {
				BuildIndependentTargetsInParallel = 1;
				LastSwiftUpdateCheck = 1400;
				LastUpgradeCheck = 1400;
				TargetAttributes = {
					94112E3228D0B18B00F04305 = {
						CreatedOnToolsVersion = 14.0;
					};
					94112E4828D0B18C00F04305 = {
						CreatedOnToolsVersion = 14.0;
						TestTargetID = 94112E3228D0B18B00F04305;
					};
					94112E5228D0B18C00F04305 = {
						CreatedOnToolsVersion = 14.0;
						TestTargetID = 94112E3228D0B18B00F04305;
					};
				};
			};
			buildConfigurationList = 94112E2E28D0B18B00F04305 /* Build configuration list for PBXProject "CodeChallenge" */;
			compatibilityVersion = "Xcode 14.0";
			developmentRegion = en;
			hasScannedForEncodings = 0;
			knownRegions = (
				en,
				Base,
			);
			mainGroup = 94112E2A28D0B18B00F04305;
			productRefGroup = 94112E3428D0B18B00F04305 /* Products */;
			projectDirPath = "";
			projectRoot = "";
			targets = (
				94112E3228D0B18B00F04305 /* CodeChallenge */,
				94112E4828D0B18C00F04305 /* CodeChallengeTests */,
				94112E5228D0B18C00F04305 /* CodeChallengeUITests */,
			);
		};
/* End PBXProject section */

/* Begin PBXResourcesBuildPhase section */
		94112E3128D0B18B00F04305 /* Resources */ = {
			isa = PBXResourcesBuildPhase;
			buildActionMask = 2147483647;
			files = (
				94112E4328D0B18C00F04305 /* LaunchScreen.storyboard in Resources */,
				94112E4028D0B18C00F04305 /* Assets.xcassets in Resources */,
				94112E3E28D0B18B00F04305 /* Main.storyboard in Resources */,
			);
			runOnlyForDeploymentPostprocessing = 0;
		};
		94112E4728D0B18C00F04305 /* Resources */ = {
			isa = PBXResourcesBuildPhase;
			buildActionMask = 2147483647;
			files = (
			);
			runOnlyForDeploymentPostprocessing = 0;
		};
		94112E5128D0B18C00F04305 /* Resources */ = {
			isa = PBXResourcesBuildPhase;
			buildActionMask = 2147483647;
			files = (
			);
			runOnlyForDeploymentPostprocessing = 0;
		};
/* End PBXResourcesBuildPhase section */

/* Begin PBXSourcesBuildPhase section */
		94112E2F28D0B18B00F04305 /* Sources */ = {
			isa = PBXSourcesBuildPhase;
			buildActionMask = 2147483647;
			files = (
				94112E3B28D0B18B00F04305 /* ViewController.swift in Sources */,
				94112E3728D0B18B00F04305 /* AppDelegate.swift in Sources */,
				94112E3928D0B18B00F04305 /* SceneDelegate.swift in Sources */,
			);
			runOnlyForDeploymentPostprocessing = 0;
		};
		94112E4528D0B18C00F04305 /* Sources */ = {
			isa = PBXSourcesBuildPhase;
			buildActionMask = 2147483647;
			files = (
				94112E4E28D0B18C00F04305 /* CodeChallengeTests.swift in Sources */,
			);
			runOnlyForDeploymentPostprocessing = 0;
		};
		94112E4F28D0B18C00F04305 /* Sources */ = {
			isa = PBXSourcesBuildPhase;
			buildActionMask = 2147483647;
			files = (
				94112E5828D0B18C00F04305 /* CodeChallengeUITests.swift in Sources */,
				94112E5A28D0B18C00F04305 /* CodeChallengeUITestsLaunchTests.swift in Sources */,
			);
			runOnlyForDeploymentPostprocessing = 0;
		};
/* End PBXSourcesBuildPhase section */

/* Begin PBXTargetDependency section */
		94112E4B28D0B18C00F04305 /* PBXTargetDependency */ = {
			isa = PBXTargetDependency;
			target = 94112E3228D0B18B00F04305 /* CodeChallenge */;
			targetProxy = 94112E4A28D0B18C00F04305 /* PBXContainerItemProxy */;
		};
		94112E5528D0B18C00F04305 /* PBXTargetDependency */ = {
			isa = PBXTargetDependency;
			target = 94112E3228D0B18B00F04305 /* CodeChallenge */;
			targetProxy = 94112E5428D0B18C00F04305 /* PBXContainerItemProxy */;
		};
/* End PBXTargetDependency section */

/* Begin PBXVariantGroup section */
		94112E3C28D0B18B00F04305 /* Main.storyboard */ = {
			isa = PBXVariantGroup;
			children = (
				94112E3D28D0B18B00F04305 /* Base */,
			);
			name = Main.storyboard;
			sourceTree = "<group>";
		};
		94112E4128D0B18C00F04305 /* LaunchScreen.storyboard */ = {
			isa = PBXVariantGroup;
			children = (
				94112E4228D0B18C00F04305 /* Base */,
			);
			name = LaunchScreen.storyboard;
			sourceTree = "<group>";
		};
/* End PBXVariantGroup section */

/* Begin XCBuildConfiguration section */
		94112E5B28D0B18C00F04305 /* Debug */ = {
			isa = XCBuildConfiguration;
			buildSettings = {
				ALWAYS_SEARCH_USER_PATHS = NO;
				CLANG_ANALYZER_NONNULL = YES;
				CLANG_ANALYZER_NUMBER_OBJECT_CONVERSION = YES_AGGRESSIVE;
				CLANG_CXX_LANGUAGE_STANDARD = "gnu++20";
				CLANG_ENABLE_MODULES = YES;
				CLANG_ENABLE_OBJC_ARC = YES;
				CLANG_ENABLE_OBJC_WEAK = YES;
				CLANG_WARN_BLOCK_CAPTURE_AUTORELEASING = YES;
				CLANG_WARN_BOOL_CONVERSION = YES;
				CLANG_WARN_COMMA = YES;
				CLANG_WARN_CONSTANT_CONVERSION = YES;
				CLANG_WARN_DEPRECATED_OBJC_IMPLEMENTATIONS = YES;
				CLANG_WARN_DIRECT_OBJC_ISA_USAGE = YES_ERROR;
				CLANG_WARN_DOCUMENTATION_COMMENTS = YES;
				CLANG_WARN_EMPTY_BODY = YES;
				CLANG_WARN_ENUM_CONVERSION = YES;
				CLANG_WARN_INFINITE_RECURSION = YES;
				CLANG_WARN_INT_CONVERSION = YES;
				CLANG_WARN_NON_LITERAL_NULL_CONVERSION = YES;
				CLANG_WARN_OBJC_IMPLICIT_RETAIN_SELF = YES;
				CLANG_WARN_OBJC_LITERAL_CONVERSION = YES;
				CLANG_WARN_OBJC_ROOT_CLASS = YES_ERROR;
				CLANG_WARN_QUOTED_INCLUDE_IN_FRAMEWORK_HEADER = YES;
				CLANG_WARN_RANGE_LOOP_ANALYSIS = YES;
				CLANG_WARN_STRICT_PROTOTYPES = YES;
				CLANG_WARN_SUSPICIOUS_MOVE = YES;
				CLANG_WARN_UNGUARDED_AVAILABILITY = YES_AGGRESSIVE;
				CLANG_WARN_UNREACHABLE_CODE = YES;
				CLANG_WARN__DUPLICATE_METHOD_MATCH = YES;
				COPY_PHASE_STRIP = NO;
				DEBUG_INFORMATION_FORMAT = dwarf;
				ENABLE_STRICT_OBJC_MSGSEND = YES;
				ENABLE_TESTABILITY = YES;
				GCC_C_LANGUAGE_STANDARD = gnu11;
				GCC_DYNAMIC_NO_PIC = NO;
				GCC_NO_COMMON_BLOCKS = YES;
				GCC_OPTIMIZATION_LEVEL = 0;
				GCC_PREPROCESSOR_DEFINITIONS = (
					"DEBUG=1",
					"$(inherited)",
				);
				GCC_WARN_64_TO_32_BIT_CONVERSION = YES;
				GCC_WARN_ABOUT_RETURN_TYPE = YES_ERROR;
				GCC_WARN_UNDECLARED_SELECTOR = YES;
				GCC_WARN_UNINITIALIZED_AUTOS = YES_AGGRESSIVE;
				GCC_WARN_UNUSED_FUNCTION = YES;
				GCC_WARN_UNUSED_VARIABLE = YES;
				IPHONEOS_DEPLOYMENT_TARGET = 16.0;
				MTL_ENABLE_DEBUG_INFO = INCLUDE_SOURCE;
				MTL_FAST_MATH = YES;
				ONLY_ACTIVE_ARCH = YES;
				SDKROOT = iphoneos;
				SWIFT_ACTIVE_COMPILATION_CONDITIONS = DEBUG;
				SWIFT_OPTIMIZATION_LEVEL = "-Onone";
			};
			name = Debug;
		};
		94112E5C28D0B18C00F04305 /* Release */ = {
			isa = XCBuildConfiguration;
			buildSettings = {
				ALWAYS_SEARCH_USER_PATHS = NO;
				CLANG_ANALYZER_NONNULL = YES;
				CLANG_ANALYZER_NUMBER_OBJECT_CONVERSION = YES_AGGRESSIVE;
				CLANG_CXX_LANGUAGE_STANDARD = "gnu++20";
				CLANG_ENABLE_MODULES = YES;
				CLANG_ENABLE_OBJC_ARC = YES;
				CLANG_ENABLE_OBJC_WEAK = YES;
				CLANG_WARN_BLOCK_CAPTURE_AUTORELEASING = YES;
				CLANG_WARN_BOOL_CONVERSION = YES;
				CLANG_WARN_COMMA = YES;
				CLANG_WARN_CONSTANT_CONVERSION = YES;
				CLANG_WARN_DEPRECATED_OBJC_IMPLEMENTATIONS = YES;
				CLANG_WARN_DIRECT_OBJC_ISA_USAGE = YES_ERROR;
				CLANG_WARN_DOCUMENTATION_COMMENTS = YES;
				CLANG_WARN_EMPTY_BODY = YES;
				CLANG_WARN_ENUM_CONVERSION = YES;
				CLANG_WARN_INFINITE_RECURSION = YES;
				CLANG_WARN_INT_CONVERSION = YES;
				CLANG_WARN_NON_LITERAL_NULL_CONVERSION = YES;
				CLANG_WARN_OBJC_IMPLICIT_RETAIN_SELF = YES;
				CLANG_WARN_OBJC_LITERAL_CONVERSION = YES;
				CLANG_WARN_OBJC_ROOT_CLASS = YES_ERROR;
				CLANG_WARN_QUOTED_INCLUDE_IN_FRAMEWORK_HEADER = YES;
				CLANG_WARN_RANGE_LOOP_ANALYSIS = YES;
				CLANG_WARN_STRICT_PROTOTYPES = YES;
				CLANG_WARN_SUSPICIOUS_MOVE = YES;
				CLANG_WARN_UNGUARDED_AVAILABILITY = YES_AGGRESSIVE;
				CLANG_WARN_UNREACHABLE_CODE = YES;
				CLANG_WARN__DUPLICATE_METHOD_MATCH = YES;
				COPY_PHASE_STRIP = NO;
				DEBUG_INFORMATION_FORMAT = "dwarf-with-dsym";
				ENABLE_NS_ASSERTIONS = NO;
				ENABLE_STRICT_OBJC_MSGSEND = YES;
				GCC_C_LANGUAGE_STANDARD = gnu11;
				GCC_NO_COMMON_BLOCKS = YES;
				GCC_WARN_64_TO_32_BIT_CONVERSION = YES;
				GCC_WARN_ABOUT_RETURN_TYPE = YES_ERROR;
				GCC_WARN_UNDECLARED_SELECTOR = YES;
				GCC_WARN_UNINITIALIZED_AUTOS = YES_AGGRESSIVE;
				GCC_WARN_UNUSED_FUNCTION = YES;
				GCC_WARN_UNUSED_VARIABLE = YES;
				IPHONEOS_DEPLOYMENT_TARGET = 16.0;
				MTL_ENABLE_DEBUG_INFO = NO;
				MTL_FAST_MATH = YES;
				SDKROOT = iphoneos;
				SWIFT_COMPILATION_MODE = wholemodule;
				SWIFT_OPTIMIZATION_LEVEL = "-O";
				VALIDATE_PRODUCT = YES;
			};
			name = Release;
		};
		94112E5E28D0B18C00F04305 /* Debug */ = {
			isa = XCBuildConfiguration;
			buildSettings = {
				ASSETCATALOG_COMPILER_APPICON_NAME = AppIcon;
				ASSETCATALOG_COMPILER_GLOBAL_ACCENT_COLOR_NAME = AccentColor;
				CODE_SIGN_STYLE = Automatic;
				CURRENT_PROJECT_VERSION = 1;
				DEVELOPMENT_TEAM = 5QBEE57R95;
				GENERATE_INFOPLIST_FILE = YES;
				INFOPLIST_FILE = CodeChallenge/Info.plist;
				INFOPLIST_KEY_UIApplicationSupportsIndirectInputEvents = YES;
				INFOPLIST_KEY_UILaunchStoryboardName = LaunchScreen;
				INFOPLIST_KEY_UIMainStoryboardFile = Main;
				INFOPLIST_KEY_UISupportedInterfaceOrientations_iPad = "UIInterfaceOrientationPortrait UIInterfaceOrientationPortraitUpsideDown UIInterfaceOrientationLandscapeLeft UIInterfaceOrientationLandscapeRight";
				INFOPLIST_KEY_UISupportedInterfaceOrientations_iPhone = "UIInterfaceOrientationPortrait UIInterfaceOrientationLandscapeLeft UIInterfaceOrientationLandscapeRight";
				LD_RUNPATH_SEARCH_PATHS = (
					"$(inherited)",
					"@executable_path/Frameworks",
				);
				MARKETING_VERSION = 1.0;
				PRODUCT_BUNDLE_IDENTIFIER = com.personal.CodeChallenge;
				PRODUCT_NAME = "$(TARGET_NAME)";
				SWIFT_EMIT_LOC_STRINGS = YES;
				SWIFT_VERSION = 5.0;
				TARGETED_DEVICE_FAMILY = "1,2";
			};
			name = Debug;
		};
		94112E5F28D0B18C00F04305 /* Release */ = {
			isa = XCBuildConfiguration;
			buildSettings = {
				ASSETCATALOG_COMPILER_APPICON_NAME = AppIcon;
				ASSETCATALOG_COMPILER_GLOBAL_ACCENT_COLOR_NAME = AccentColor;
				CODE_SIGN_STYLE = Automatic;
				CURRENT_PROJECT_VERSION = 1;
				DEVELOPMENT_TEAM = 5QBEE57R95;
				GENERATE_INFOPLIST_FILE = YES;
				INFOPLIST_FILE = CodeChallenge/Info.plist;
				INFOPLIST_KEY_UIApplicationSupportsIndirectInputEvents = YES;
				INFOPLIST_KEY_UILaunchStoryboardName = LaunchScreen;
				INFOPLIST_KEY_UIMainStoryboardFile = Main;
				INFOPLIST_KEY_UISupportedInterfaceOrientations_iPad = "UIInterfaceOrientationPortrait UIInterfaceOrientationPortraitUpsideDown UIInterfaceOrientationLandscapeLeft UIInterfaceOrientationLandscapeRight";
				INFOPLIST_KEY_UISupportedInterfaceOrientations_iPhone = "UIInterfaceOrientationPortrait UIInterfaceOrientationLandscapeLeft UIInterfaceOrientationLandscapeRight";
				LD_RUNPATH_SEARCH_PATHS = (
					"$(inherited)",
					"@executable_path/Frameworks",
				);
				MARKETING_VERSION = 1.0;
				PRODUCT_BUNDLE_IDENTIFIER = com.personal.CodeChallenge;
				PRODUCT_NAME = "$(TARGET_NAME)";
				SWIFT_EMIT_LOC_STRINGS = YES;
				SWIFT_VERSION = 5.0;
				TARGETED_DEVICE_FAMILY = "1,2";
			};
			name = Release;
		};
		94112E6128D0B18C00F04305 /* Debug */ = {
			isa = XCBuildConfiguration;
			buildSettings = {
				ALWAYS_EMBED_SWIFT_STANDARD_LIBRARIES = YES;
				BUNDLE_LOADER = "$(TEST_HOST)";
				CODE_SIGN_STYLE = Automatic;
				CURRENT_PROJECT_VERSION = 1;
				DEVELOPMENT_TEAM = 5QBEE57R95;
				GENERATE_INFOPLIST_FILE = YES;
				IPHONEOS_DEPLOYMENT_TARGET = 16.0;
				MARKETING_VERSION = 1.0;
				PRODUCT_BUNDLE_IDENTIFIER = com.personal.CodeChallengeTests;
				PRODUCT_NAME = "$(TARGET_NAME)";
				SWIFT_EMIT_LOC_STRINGS = NO;
				SWIFT_VERSION = 5.0;
				TARGETED_DEVICE_FAMILY = "1,2";
				TEST_HOST = "$(BUILT_PRODUCTS_DIR)/CodeChallenge.app/$(BUNDLE_EXECUTABLE_FOLDER_PATH)/CodeChallenge";
			};
			name = Debug;
		};
		94112E6228D0B18C00F04305 /* Release */ = {
			isa = XCBuildConfiguration;
			buildSettings = {
				ALWAYS_EMBED_SWIFT_STANDARD_LIBRARIES = YES;
				BUNDLE_LOADER = "$(TEST_HOST)";
				CODE_SIGN_STYLE = Automatic;
				CURRENT_PROJECT_VERSION = 1;
				DEVELOPMENT_TEAM = 5QBEE57R95;
				GENERATE_INFOPLIST_FILE = YES;
				IPHONEOS_DEPLOYMENT_TARGET = 16.0;
				MARKETING_VERSION = 1.0;
				PRODUCT_BUNDLE_IDENTIFIER = com.personal.CodeChallengeTests;
				PRODUCT_NAME = "$(TARGET_NAME)";
				SWIFT_EMIT_LOC_STRINGS = NO;
				SWIFT_VERSION = 5.0;
				TARGETED_DEVICE_FAMILY = "1,2";
				TEST_HOST = "$(BUILT_PRODUCTS_DIR)/CodeChallenge.app/$(BUNDLE_EXECUTABLE_FOLDER_PATH)/CodeChallenge";
			};
			name = Release;
		};
		94112E6428D0B18C00F04305 /* Debug */ = {
			isa = XCBuildConfiguration;
			buildSettings = {
				ALWAYS_EMBED_SWIFT_STANDARD_LIBRARIES = YES;
				CODE_SIGN_STYLE = Automatic;
				CURRENT_PROJECT_VERSION = 1;
				DEVELOPMENT_TEAM = 5QBEE57R95;
				GENERATE_INFOPLIST_FILE = YES;
				MARKETING_VERSION = 1.0;
				PRODUCT_BUNDLE_IDENTIFIER = com.personal.CodeChallengeUITests;
				PRODUCT_NAME = "$(TARGET_NAME)";
				SWIFT_EMIT_LOC_STRINGS = NO;
				SWIFT_VERSION = 5.0;
				TARGETED_DEVICE_FAMILY = "1,2";
				TEST_TARGET_NAME = CodeChallenge;
			};
			name = Debug;
		};
		94112E6528D0B18C00F04305 /* Release */ = {
			isa = XCBuildConfiguration;
			buildSettings = {
				ALWAYS_EMBED_SWIFT_STANDARD_LIBRARIES = YES;
				CODE_SIGN_STYLE = Automatic;
				CURRENT_PROJECT_VERSION = 1;
				DEVELOPMENT_TEAM = 5QBEE57R95;
				GENERATE_INFOPLIST_FILE = YES;
				MARKETING_VERSION = 1.0;
				PRODUCT_BUNDLE_IDENTIFIER = com.personal.CodeChallengeUITests;
				PRODUCT_NAME = "$(TARGET_NAME)";
				SWIFT_EMIT_LOC_STRINGS = NO;
				SWIFT_VERSION = 5.0;
				TARGETED_DEVICE_FAMILY = "1,2";
				TEST_TARGET_NAME = CodeChallenge;
			};
			name = Release;
		};
/* End XCBuildConfiguration section */

/* Begin XCConfigurationList section */
		94112E2E28D0B18B00F04305 /* Build configuration list for PBXProject "CodeChallenge" */ = {
			isa = XCConfigurationList;
			buildConfigurations = (
				94112E5B28D0B18C00F04305 /* Debug */,
				94112E5C28D0B18C00F04305 /* Release */,
			);
			defaultConfigurationIsVisible = 0;
			defaultConfigurationName = Release;
		};
		94112E5D28D0B18C00F04305 /* Build configuration list for PBXNativeTarget "CodeChallenge" */ = {
			isa = XCConfigurationList;
			buildConfigurations = (
				94112E5E28D0B18C00F04305 /* Debug */,
				94112E5F28D0B18C00F04305 /* Release */,
			);
			defaultConfigurationIsVisible = 0;
			defaultConfigurationName = Release;
		};
		94112E6028D0B18C00F04305 /* Build configuration list for PBXNativeTarget "CodeChallengeTests" */ = {
			isa = XCConfigurationList;
			buildConfigurations = (
				94112E6128D0B18C00F04305 /* Debug */,
				94112E6228D0B18C00F04305 /* Release */,
			);
			defaultConfigurationIsVisible = 0;
			defaultConfigurationName = Release;
		};
		94112E6328D0B18C00F04305 /* Build configuration list for PBXNativeTarget "CodeChallengeUITests" */ = {
			isa = XCConfigurationList;
			buildConfigurations = (
				94112E6428D0B18C00F04305 /* Debug */,
				94112E6528D0B18C00F04305 /* Release */,
			);
			defaultConfigurationIsVisible = 0;
			defaultConfigurationName = Release;
		};
/* End XCConfigurationList section */
	};
	rootObject = 94112E2B28D0B18B00F04305 /* Project object */;
}
